
Microsoft Visual Studio Solution File, Format Version 12.00
# Visual Studio 15
VisualStudioVersion = 15.0.27004.2005
MinimumVisualStudioVersion = 10.0.40219.1
Project("{FAE04EC0-301F-11D3-BF4B-00C04F79EFBC}") = "Web", "Web\Web.csproj", "{9A9BDFF5-9CE9-4328-9585-63B663C4A9A1}"
EndProject
Global
	GlobalSection(SolutionConfigurationPlatforms) = preSolution
		Debug|Any CPU = Debug|Any CPU
		Release|Any CPU = Release|Any CPU
	EndGlobalSection
	GlobalSection(ProjectConfigurationPlatforms) = postSolution
		{9A9BDFF5-9CE9-4328-9585-63B663C4A9A1}.Debug|Any CPU.ActiveCfg = Debug|Any CPU
		{9A9BDFF5-9CE9-4328-9585-63B663C4A9A1}.Debug|Any CPU.Build.0 = Debug|Any CPU
		{9A9BDFF5-9CE9-4328-9585-63B663C4A9A1}.Release|Any CPU.ActiveCfg = Release|Any CPU
		{9A9BDFF5-9CE9-4328-9585-63B663C4A9A1}.Release|Any CPU.Build.0 = Release|Any CPU
	EndGlobalSection
	GlobalSection(SolutionProperties) = preSolution
		HideSolutionNode = FALSE
	EndGlobalSection
	GlobalSection(ExtensibilityGlobals) = postSolution
		SolutionGuid = {66D7AD08-43FE-4BDC-85DB-9624CDF4F97F}
	EndGlobalSection
EndGlobal
